
Microsoft Visual Studio Solution File, Format Version 12.00
# Visual Studio Version 16
VisualStudioVersion = 16.0.28803.156
MinimumVisualStudioVersion = 10.0.40219.1
Project("{FAE04EC0-301F-11D3-BF4B-00C04F79EFBC}") = "WebAPI", "WebAPI\WebAPI.csproj", "{610B88B7-AF79-41AF-A537-2E326A066377}"
EndProject
Global
	GlobalSection(SolutionConfigurationPlatforms) = preSolution
		Debug|Any CPU = Debug|Any CPU
		Release|Any CPU = Release|Any CPU
	EndGlobalSection
	GlobalSection(ProjectConfigurationPlatforms) = postSolution
		{610B88B7-AF79-41AF-A537-2E326A066377}.Debug|Any CPU.ActiveCfg = Debug|Any CPU
		{610B88B7-AF79-41AF-A537-2E326A066377}.Debug|Any CPU.Build.0 = Debug|Any CPU
		{610B88B7-AF79-41AF-A537-2E326A066377}.Release|Any CPU.ActiveCfg = Release|Any CPU
		{610B88B7-AF79-41AF-A537-2E326A066377}.Release|Any CPU.Build.0 = Release|Any CPU
	EndGlobalSection
	GlobalSection(SolutionProperties) = preSolution
		HideSolutionNode = FALSE
	EndGlobalSection
	GlobalSection(ExtensibilityGlobals) = postSolution
		SolutionGuid = {B1458336-DF28-4A07-A6D7-9F062F7BA189}
	EndGlobalSection
EndGlobal
